
Microsoft Visual Studio Solution File, Format Version 12.00
# Visual Studio Version 17
VisualStudioVersion = 17.11.35327.3
MinimumVisualStudioVersion = 10.0.40219.1
Project("{FAE04EC0-301F-11D3-BF4B-00C04F79EFBC}") = "meowseek", "meowseek\meowseek.csproj", "{2F1B7404-9CE5-456C-AA23-F7D55780047B}"
EndProject
Global
	GlobalSection(SolutionConfigurationPlatforms) = preSolution
		Debug|Any CPU = Debug|Any CPU
		Release|Any CPU = Release|Any CPU
	EndGlobalSection
	GlobalSection(ProjectConfigurationPlatforms) = postSolution
		{2F1B7404-9CE5-456C-AA23-F7D55780047B}.Debug|Any CPU.ActiveCfg = Debug|Any CPU
		{2F1B7404-9CE5-456C-AA23-F7D55780047B}.Debug|Any CPU.Build.0 = Debug|Any CPU
		{2F1B7404-9CE5-456C-AA23-F7D55780047B}.Release|Any CPU.ActiveCfg = Release|Any CPU
		{2F1B7404-9CE5-456C-AA23-F7D55780047B}.Release|Any CPU.Build.0 = Release|Any CPU
	EndGlobalSection
	GlobalSection(SolutionProperties) = preSolution
		HideSolutionNode = FALSE
	EndGlobalSection
	GlobalSection(ExtensibilityGlobals) = postSolution
		SolutionGuid = {C5E22C5A-787E-4A12-A46B-7C68B280D221}
	EndGlobalSection
EndGlobal
